
Microsoft Visual Studio Solution File, Format Version 12.00
# Visual Studio Version 17
VisualStudioVersion = 17.0.31903.59
MinimumVisualStudioVersion = 10.0.40219.1
Project("{2150E333-8FDC-42A3-9474-1A3956D46DE8}") = "src", "src", "{02EA681E-C7D8-13C7-8484-4AC65E1B71E8}"
EndProject
Project("{FAE04EC0-301F-11D3-BF4B-00C04F79EFBC}") = "POS.Api", "POS.Api\POS.Api.csproj", "{F2089A9C-0A07-493B-B205-9765B39D470B}"
EndProject
Project("{FAE04EC0-301F-11D3-BF4B-00C04F79EFBC}") = "POS.Application", "POS.Application\POS.Application.csproj", "{39C795BB-8976-436D-A38E-5B30F39EC2FB}"
EndProject
Project("{FAE04EC0-301F-11D3-BF4B-00C04F79EFBC}") = "POS.Domain", "POS.Domain\POS.Domain.csproj", "{BC1FB8FC-5D20-46F9-AB36-DAFD0192BAC1}"
EndProject
Global
	GlobalSection(SolutionConfigurationPlatforms) = preSolution
		Debug|Any CPU = Debug|Any CPU
		Release|Any CPU = Release|Any CPU
	EndGlobalSection
	GlobalSection(ProjectConfigurationPlatforms) = postSolution
		{F2089A9C-0A07-493B-B205-9765B39D470B}.Debug|Any CPU.ActiveCfg = Debug|Any CPU
		{F2089A9C-0A07-493B-B205-9765B39D470B}.Debug|Any CPU.Build.0 = Debug|Any CPU
		{F2089A9C-0A07-493B-B205-9765B39D470B}.Release|Any CPU.ActiveCfg = Release|Any CPU
		{F2089A9C-0A07-493B-B205-9765B39D470B}.Release|Any CPU.Build.0 = Release|Any CPU
		{39C795BB-8976-436D-A38E-5B30F39EC2FB}.Debug|Any CPU.ActiveCfg = Debug|Any CPU
		{39C795BB-8976-436D-A38E-5B30F39EC2FB}.Debug|Any CPU.Build.0 = Debug|Any CPU
		{39C795BB-8976-436D-A38E-5B30F39EC2FB}.Release|Any CPU.ActiveCfg = Release|Any CPU
		{39C795BB-8976-436D-A38E-5B30F39EC2FB}.Release|Any CPU.Build.0 = Release|Any CPU
		{BC1FB8FC-5D20-46F9-AB36-DAFD0192BAC1}.Debug|Any CPU.ActiveCfg = Debug|Any CPU
		{BC1FB8FC-5D20-46F9-AB36-DAFD0192BAC1}.Debug|Any CPU.Build.0 = Debug|Any CPU
		{BC1FB8FC-5D20-46F9-AB36-DAFD0192BAC1}.Release|Any CPU.ActiveCfg = Release|Any CPU
		{BC1FB8FC-5D20-46F9-AB36-DAFD0192BAC1}.Release|Any CPU.Build.0 = Release|Any CPU
	EndGlobalSection
	GlobalSection(SolutionProperties) = preSolution
		HideSolutionNode = FALSE
	EndGlobalSection
	GlobalSection(NestedProjects) = preSolution
		{F2089A9C-0A07-493B-B205-9765B39D470B} = {02EA681E-C7D8-13C7-8484-4AC65E1B71E8}
		{39C795BB-8976-436D-A38E-5B30F39EC2FB} = {02EA681E-C7D8-13C7-8484-4AC65E1B71E8}
		{BC1FB8FC-5D20-46F9-AB36-DAFD0192BAC1} = {02EA681E-C7D8-13C7-8484-4AC65E1B71E8}
	EndGlobalSection
	GlobalSection(ExtensibilityGlobals) = postSolution
		SolutionGuid = {1BADFB60-33BE-4266-9429-72B30CD334F4}
	EndGlobalSection
EndGlobal
