
Microsoft Visual Studio Solution File, Format Version 12.00
# Visual Studio Version 17
VisualStudioVersion = 17.0.31903.59
MinimumVisualStudioVersion = 10.0.40219.1
Project("{FAE04EC0-301F-11D3-BF4B-00C04F79EFBC}") = "UseCase_Solution_.Net.Domain", "UseCase_Solution_.Net.Domain\UseCase_Solution_.Net.Domain.csproj", "{8D18120B-0CAA-4DB9-9449-74505E837A10}"
EndProject
Project("{FAE04EC0-301F-11D3-BF4B-00C04F79EFBC}") = "UseCase_Solution_.Net.Application", "UseCase_Solution_.Net.Application\UseCase_Solution_.Net.Application.csproj", "{1C15D07D-71E7-4810-9B52-790E9A45F300}"
EndProject
Project("{FAE04EC0-301F-11D3-BF4B-00C04F79EFBC}") = "UseCase_Solution_.Net.Infrastructure", "UseCase_Solution_.Net.Infrastructure\UseCase_Solution_.Net.Infrastructure.csproj", "{A371009B-D94D-4414-85A5-9B28192AB5D3}"
EndProject
Project("{FAE04EC0-301F-11D3-BF4B-00C04F79EFBC}") = "UseCase_Solution_.Net.Api", "UseCase_Solution_.Net.Api\UseCase_Solution_.Net.Api.csproj", "{770E7868-986D-4F2F-B93E-0CC69E6B7D5E}"
EndProject
Global
	GlobalSection(SolutionConfigurationPlatforms) = preSolution
		Debug|Any CPU = Debug|Any CPU
		Debug|x64 = Debug|x64
		Debug|x86 = Debug|x86
		Release|Any CPU = Release|Any CPU
		Release|x64 = Release|x64
		Release|x86 = Release|x86
	EndGlobalSection
	GlobalSection(ProjectConfigurationPlatforms) = postSolution
		{8D18120B-0CAA-4DB9-9449-74505E837A10}.Debug|Any CPU.ActiveCfg = Debug|Any CPU
		{8D18120B-0CAA-4DB9-9449-74505E837A10}.Debug|Any CPU.Build.0 = Debug|Any CPU
		{8D18120B-0CAA-4DB9-9449-74505E837A10}.Debug|x64.ActiveCfg = Debug|Any CPU
		{8D18120B-0CAA-4DB9-9449-74505E837A10}.Debug|x64.Build.0 = Debug|Any CPU
		{8D18120B-0CAA-4DB9-9449-74505E837A10}.Debug|x86.ActiveCfg = Debug|Any CPU
		{8D18120B-0CAA-4DB9-9449-74505E837A10}.Debug|x86.Build.0 = Debug|Any CPU
		{8D18120B-0CAA-4DB9-9449-74505E837A10}.Release|Any CPU.ActiveCfg = Release|Any CPU
		{8D18120B-0CAA-4DB9-9449-74505E837A10}.Release|Any CPU.Build.0 = Release|Any CPU
		{8D18120B-0CAA-4DB9-9449-74505E837A10}.Release|x64.ActiveCfg = Release|Any CPU
		{8D18120B-0CAA-4DB9-9449-74505E837A10}.Release|x64.Build.0 = Release|Any CPU
		{8D18120B-0CAA-4DB9-9449-74505E837A10}.Release|x86.ActiveCfg = Release|Any CPU
		{8D18120B-0CAA-4DB9-9449-74505E837A10}.Release|x86.Build.0 = Release|Any CPU
		{1C15D07D-71E7-4810-9B52-790E9A45F300}.Debug|Any CPU.ActiveCfg = Debug|Any CPU
		{1C15D07D-71E7-4810-9B52-790E9A45F300}.Debug|Any CPU.Build.0 = Debug|Any CPU
		{1C15D07D-71E7-4810-9B52-790E9A45F300}.Debug|x64.ActiveCfg = Debug|Any CPU
		{1C15D07D-71E7-4810-9B52-790E9A45F300}.Debug|x64.Build.0 = Debug|Any CPU
		{1C15D07D-71E7-4810-9B52-790E9A45F300}.Debug|x86.ActiveCfg = Debug|Any CPU
		{1C15D07D-71E7-4810-9B52-790E9A45F300}.Debug|x86.Build.0 = Debug|Any CPU
		{1C15D07D-71E7-4810-9B52-790E9A45F300}.Release|Any CPU.ActiveCfg = Release|Any CPU
		{1C15D07D-71E7-4810-9B52-790E9A45F300}.Release|Any CPU.Build.0 = Release|Any CPU
		{1C15D07D-71E7-4810-9B52-790E9A45F300}.Release|x64.ActiveCfg = Release|Any CPU
		{1C15D07D-71E7-4810-9B52-790E9A45F300}.Release|x64.Build.0 = Release|Any CPU
		{1C15D07D-71E7-4810-9B52-790E9A45F300}.Release|x86.ActiveCfg = Release|Any CPU
		{1C15D07D-71E7-4810-9B52-790E9A45F300}.Release|x86.Build.0 = Release|Any CPU
		{A371009B-D94D-4414-85A5-9B28192AB5D3}.Debug|Any CPU.ActiveCfg = Debug|Any CPU
		{A371009B-D94D-4414-85A5-9B28192AB5D3}.Debug|Any CPU.Build.0 = Debug|Any CPU
		{A371009B-D94D-4414-85A5-9B28192AB5D3}.Debug|x64.ActiveCfg = Debug|Any CPU
		{A371009B-D94D-4414-85A5-9B28192AB5D3}.Debug|x64.Build.0 = Debug|Any CPU
		{A371009B-D94D-4414-85A5-9B28192AB5D3}.Debug|x86.ActiveCfg = Debug|Any CPU
		{A371009B-D94D-4414-85A5-9B28192AB5D3}.Debug|x86.Build.0 = Debug|Any CPU
		{A371009B-D94D-4414-85A5-9B28192AB5D3}.Release|Any CPU.ActiveCfg = Release|Any CPU
		{A371009B-D94D-4414-85A5-9B28192AB5D3}.Release|Any CPU.Build.0 = Release|Any CPU
		{A371009B-D94D-4414-85A5-9B28192AB5D3}.Release|x64.ActiveCfg = Release|Any CPU
		{A371009B-D94D-4414-85A5-9B28192AB5D3}.Release|x64.Build.0 = Release|Any CPU
		{A371009B-D94D-4414-85A5-9B28192AB5D3}.Release|x86.ActiveCfg = Release|Any CPU
		{A371009B-D94D-4414-85A5-9B28192AB5D3}.Release|x86.Build.0 = Release|Any CPU
		{770E7868-986D-4F2F-B93E-0CC69E6B7D5E}.Debug|Any CPU.ActiveCfg = Debug|Any CPU
		{770E7868-986D-4F2F-B93E-0CC69E6B7D5E}.Debug|Any CPU.Build.0 = Debug|Any CPU
		{770E7868-986D-4F2F-B93E-0CC69E6B7D5E}.Debug|x64.ActiveCfg = Debug|Any CPU
		{770E7868-986D-4F2F-B93E-0CC69E6B7D5E}.Debug|x64.Build.0 = Debug|Any CPU
		{770E7868-986D-4F2F-B93E-0CC69E6B7D5E}.Debug|x86.ActiveCfg = Debug|Any CPU
		{770E7868-986D-4F2F-B93E-0CC69E6B7D5E}.Debug|x86.Build.0 = Debug|Any CPU
		{770E7868-986D-4F2F-B93E-0CC69E6B7D5E}.Release|Any CPU.ActiveCfg = Release|Any CPU
		{770E7868-986D-4F2F-B93E-0CC69E6B7D5E}.Release|Any CPU.Build.0 = Release|Any CPU
		{770E7868-986D-4F2F-B93E-0CC69E6B7D5E}.Release|x64.ActiveCfg = Release|Any CPU
		{770E7868-986D-4F2F-B93E-0CC69E6B7D5E}.Release|x64.Build.0 = Release|Any CPU
		{770E7868-986D-4F2F-B93E-0CC69E6B7D5E}.Release|x86.ActiveCfg = Release|Any CPU
		{770E7868-986D-4F2F-B93E-0CC69E6B7D5E}.Release|x86.Build.0 = Release|Any CPU
	EndGlobalSection
	GlobalSection(SolutionProperties) = preSolution
		HideSolutionNode = FALSE
	EndGlobalSection
EndGlobal
